{
  "originHash" : "ef94cb4da5683196b423710ea528658eeb07772f66ae774c0d4514bfba2329eb",
  "pins" : [
    {
      "identity" : "pocket-cat",
      "kind" : "remoteSourceControl",
      "location" : "git@github.com:morria/pocket-cat.git",
      "state" : {
        "revision" : "1cb77feff0baa3eda86ef636792b2819199e75a9",
        "version" : "3.1.0"
      }
    }
  ],
  "version" : 3
}
